
Microsoft Visual Studio Solution File, Format Version 12.00
# Visual Studio 15
VisualStudioVersion = 15.0.26730.12
MinimumVisualStudioVersion = 10.0.40219.1
Project("{FAE04EC0-301F-11D3-BF4B-00C04F79EFBC}") = "Capstone(SneakyFinch)", "Capstone(SneakyFinch)\Capstone(SneakyFinch).csproj", "{02F859F2-DD3A-41FC-91E3-54CD31E86CC9}"
EndProject
Global
	GlobalSection(SolutionConfigurationPlatforms) = preSolution
		Debug|Any CPU = Debug|Any CPU
		Release|Any CPU = Release|Any CPU
	EndGlobalSection
	GlobalSection(ProjectConfigurationPlatforms) = postSolution
		{02F859F2-DD3A-41FC-91E3-54CD31E86CC9}.Debug|Any CPU.ActiveCfg = Debug|Any CPU
		{02F859F2-DD3A-41FC-91E3-54CD31E86CC9}.Debug|Any CPU.Build.0 = Debug|Any CPU
		{02F859F2-DD3A-41FC-91E3-54CD31E86CC9}.Release|Any CPU.ActiveCfg = Release|Any CPU
		{02F859F2-DD3A-41FC-91E3-54CD31E86CC9}.Release|Any CPU.Build.0 = Release|Any CPU
	EndGlobalSection
	GlobalSection(SolutionProperties) = preSolution
		HideSolutionNode = FALSE
	EndGlobalSection
	GlobalSection(ExtensibilityGlobals) = postSolution
		SolutionGuid = {A0C0309A-B05C-4ED8-9404-6EC3881E416B}
	EndGlobalSection
EndGlobal
